// !$*UTF8*$!
{
	archiveVersion = 1;
	classes = {
	};
	objectVersion = 56;
	objects = {

/* Begin PBXBuildFile section */
		CF5405562BB60FCF004C49D3 /* QuizManager.swift in Sources */ = {isa = PBXBuildFile; fileRef = CF5405552BB60FCF004C49D3 /* QuizManager.swift */; };
		CF8356B42BB6B9A600D76FB8 /* Supabase in Frameworks */ = {isa = PBXBuildFile; productRef = CF8356B32BB6B9A600D76FB8 /* Supabase */; };
		CF8548FF2BB6E2EF00F2796F /* ResultsView.swift in Sources */ = {isa = PBXBuildFile; fileRef = CF8548FE2BB6E2EF00F2796F /* ResultsView.swift */; };
		CF8549012BB6E30E00F2796F /* StartView.swift in Sources */ = {isa = PBXBuildFile; fileRef = CF8549002BB6E30E00F2796F /* StartView.swift */; };
		CFBAA3E82BADF2070049EB87 /* mquizApp.swift in Sources */ = {isa = PBXBuildFile; fileRef = CFBAA3E72BADF2070049EB87 /* mquizApp.swift */; };
		CFBAA3EA2BADF2070049EB87 /* ContentView.swift in Sources */ = {isa = PBXBuildFile; fileRef = CFBAA3E92BADF2070049EB87 /* ContentView.swift */; };
		CFBAA3EC2BADF2090049EB87 /* Assets.xcassets in Resources */ = {isa = PBXBuildFile; fileRef = CFBAA3EB2BADF2090049EB87 /* Assets.xcassets */; };
		CFBAA3EF2BADF2090049EB87 /* Preview Assets.xcassets in Resources */ = {isa = PBXBuildFile; fileRef = CFBAA3EE2BADF2090049EB87 /* Preview Assets.xcassets */; };
		CFBAA3F92BADF2090049EB87 /* mquizTests.swift in Sources */ = {isa = PBXBuildFile; fileRef = CFBAA3F82BADF2090049EB87 /* mquizTests.swift */; };
		CFBAA4032BADF2090049EB87 /* mquizUITests.swift in Sources */ = {isa = PBXBuildFile; fileRef = CFBAA4022BADF2090049EB87 /* mquizUITests.swift */; };
		CFBAA4052BADF2090049EB87 /* mquizUITestsLaunchTests.swift in Sources */ = {isa = PBXBuildFile; fileRef = CFBAA4042BADF2090049EB87 /* mquizUITestsLaunchTests.swift */; };
		CFBAA4122BADF2720049EB87 /* QuestionView.swift in Sources */ = {isa = PBXBuildFile; fileRef = CFBAA4112BADF2720049EB87 /* QuestionView.swift */; };
/* End PBXBuildFile section */

/* Begin PBXContainerItemProxy section */
		CFBAA3F52BADF2090049EB87 /* PBXContainerItemProxy */ = {
			isa = PBXContainerItemProxy;
			containerPortal = CFBAA3DC2BADF2070049EB87 /* Project object */;
			proxyType = 1;
			remoteGlobalIDString = CFBAA3E32BADF2070049EB87;
			remoteInfo = mquiz;
		};
		CFBAA3FF2BADF2090049EB87 /* PBXContainerItemProxy */ = {
			isa = PBXContainerItemProxy;
			containerPortal = CFBAA3DC2BADF2070049EB87 /* Project object */;
			proxyType = 1;
			remoteGlobalIDString = CFBAA3E32BADF2070049EB87;
			remoteInfo = mquiz;
		};
/* End PBXContainerItemProxy section */

/* Begin PBXFileReference section */
		CF5405552BB60FCF004C49D3 /* QuizManager.swift */ = {isa = PBXFileReference; lastKnownFileType = sourcecode.swift; path = QuizManager.swift; sourceTree = "<group>"; };
		CF8356B52BB6C03B00D76FB8 /* Info.plist */ = {isa = PBXFileReference; lastKnownFileType = text.plist; path = Info.plist; sourceTree = "<group>"; };
		CF8548FE2BB6E2EF00F2796F /* ResultsView.swift */ = {isa = PBXFileReference; lastKnownFileType = sourcecode.swift; path = ResultsView.swift; sourceTree = "<group>"; };
		CF8549002BB6E30E00F2796F /* StartView.swift */ = {isa = PBXFileReference; lastKnownFileType = sourcecode.swift; path = StartView.swift; sourceTree = "<group>"; };
		CFBAA3E42BADF2070049EB87 /* mquiz.app */ = {isa = PBXFileReference; explicitFileType = wrapper.application; includeInIndex = 0; path = mquiz.app; sourceTree = BUILT_PRODUCTS_DIR; };
		CFBAA3E72BADF2070049EB87 /* mquizApp.swift */ = {isa = PBXFileReference; lastKnownFileType = sourcecode.swift; path = mquizApp.swift; sourceTree = "<group>"; };
		CFBAA3E92BADF2070049EB87 /* ContentView.swift */ = {isa = PBXFileReference; lastKnownFileType = sourcecode.swift; path = ContentView.swift; sourceTree = "<group>"; };
		CFBAA3EB2BADF2090049EB87 /* Assets.xcassets */ = {isa = PBXFileReference; lastKnownFileType = folder.assetcatalog; path = Assets.xcassets; sourceTree = "<group>"; };
		CFBAA3EE2BADF2090049EB87 /* Preview Assets.xcassets */ = {isa = PBXFileReference; lastKnownFileType = folder.assetcatalog; path = "Preview Assets.xcassets"; sourceTree = "<group>"; };
		CFBAA3F42BADF2090049EB87 /* mquizTests.xctest */ = {isa = PBXFileReference; explicitFileType = wrapper.cfbundle; includeInIndex = 0; path = mquizTests.xctest; sourceTree = BUILT_PRODUCTS_DIR; };
		CFBAA3F82BADF2090049EB87 /* mquizTests.swift */ = {isa = PBXFileReference; lastKnownFileType = sourcecode.swift; path = mquizTests.swift; sourceTree = "<group>"; };
		CFBAA3FE2BADF2090049EB87 /* mquizUITests.xctest */ = {isa = PBXFileReference; explicitFileType = wrapper.cfbundle; includeInIndex = 0; path = mquizUITests.xctest; sourceTree = BUILT_PRODUCTS_DIR; };
		CFBAA4022BADF2090049EB87 /* mquizUITests.swift */ = {isa = PBXFileReference; lastKnownFileType = sourcecode.swift; path = mquizUITests.swift; sourceTree = "<group>"; };
		CFBAA4042BADF2090049EB87 /* mquizUITestsLaunchTests.swift */ = {isa = PBXFileReference; lastKnownFileType = sourcecode.swift; path = mquizUITestsLaunchTests.swift; sourceTree = "<group>"; };
		CFBAA4112BADF2720049EB87 /* QuestionView.swift */ = {isa = PBXFileReference; lastKnownFileType = sourcecode.swift; path = QuestionView.swift; sourceTree = "<group>"; };
/* End PBXFileReference section */

/* Begin PBXFrameworksBuildPhase section */
		CFBAA3E12BADF2070049EB87 /* Frameworks */ = {
			isa = PBXFrameworksBuildPhase;
			buildActionMask = 2147483647;
			files = (
				CF8356B42BB6B9A600D76FB8 /* Supabase in Frameworks */,
			);
			runOnlyForDeploymentPostprocessing = 0;
		};
		CFBAA3F12BADF2090049EB87 /* Frameworks */ = {
			isa = PBXFrameworksBuildPhase;
			buildActionMask = 2147483647;
			files = (
			);
			runOnlyForDeploymentPostprocessing = 0;
		};
		CFBAA3FB2BADF2090049EB87 /* Frameworks */ = {
			isa = PBXFrameworksBuildPhase;
			buildActionMask = 2147483647;
			files = (
			);
			runOnlyForDeploymentPostprocessing = 0;
		};
/* End PBXFrameworksBuildPhase section */

/* Begin PBXGroup section */
		CFBAA3DB2BADF2070049EB87 = {
			isa = PBXGroup;
			children = (
				CFBAA3E62BADF2070049EB87 /* mquiz */,
				CFBAA3F72BADF2090049EB87 /* mquizTests */,
				CFBAA4012BADF2090049EB87 /* mquizUITests */,
				CFBAA3E52BADF2070049EB87 /* Products */,
			);
			sourceTree = "<group>";
		};
		CFBAA3E52BADF2070049EB87 /* Products */ = {
			isa = PBXGroup;
			children = (
				CFBAA3E42BADF2070049EB87 /* mquiz.app */,
				CFBAA3F42BADF2090049EB87 /* mquizTests.xctest */,
				CFBAA3FE2BADF2090049EB87 /* mquizUITests.xctest */,
			);
			name = Products;
			sourceTree = "<group>";
		};
		CFBAA3E62BADF2070049EB87 /* mquiz */ = {
			isa = PBXGroup;
			children = (
				CF8356B52BB6C03B00D76FB8 /* Info.plist */,
				CF8548FE2BB6E2EF00F2796F /* ResultsView.swift */,
				CF8549002BB6E30E00F2796F /* StartView.swift */,
				CFBAA3E72BADF2070049EB87 /* mquizApp.swift */,
				CFBAA3E92BADF2070049EB87 /* ContentView.swift */,
				CFBAA4112BADF2720049EB87 /* QuestionView.swift */,
				CF5405552BB60FCF004C49D3 /* QuizManager.swift */,
				CFBAA3EB2BADF2090049EB87 /* Assets.xcassets */,
				CFBAA3ED2BADF2090049EB87 /* Preview Content */,
			);
			path = mquiz;
			sourceTree = "<group>";
		};
		CFBAA3ED2BADF2090049EB87 /* Preview Content */ = {
			isa = PBXGroup;
			children = (
				CFBAA3EE2BADF2090049EB87 /* Preview Assets.xcassets */,
			);
			path = "Preview Content";
			sourceTree = "<group>";
		};
		CFBAA3F72BADF2090049EB87 /* mquizTests */ = {
			isa = PBXGroup;
			children = (
				CFBAA3F82BADF2090049EB87 /* mquizTests.swift */,
			);
			path = mquizTests;
			sourceTree = "<group>";
		};
		CFBAA4012BADF2090049EB87 /* mquizUITests */ = {
			isa = PBXGroup;
			children = (
				CFBAA4022BADF2090049EB87 /* mquizUITests.swift */,
				CFBAA4042BADF2090049EB87 /* mquizUITestsLaunchTests.swift */,
			);
			path = mquizUITests;
			sourceTree = "<group>";
		};
/* End PBXGroup section */

/* Begin PBXNativeTarget section */
		CFBAA3E32BADF2070049EB87 /* mquiz */ = {
			isa = PBXNativeTarget;
			buildConfigurationList = CFBAA4082BADF2090049EB87 /* Build configuration list for PBXNativeTarget "mquiz" */;
			buildPhases = (
				CFBAA3E02BADF2070049EB87 /* Sources */,
				CFBAA3E12BADF2070049EB87 /* Frameworks */,
				CFBAA3E22BADF2070049EB87 /* Resources */,
			);
			buildRules = (
			);
			dependencies = (
			);
			name = mquiz;
			packageProductDependencies = (
				CF8356B32BB6B9A600D76FB8 /* Supabase */,
			);
			productName = mquiz;
			productReference = CFBAA3E42BADF2070049EB87 /* mquiz.app */;
			productType = "com.apple.product-type.application";
		};
		CFBAA3F32BADF2090049EB87 /* mquizTests */ = {
			isa = PBXNativeTarget;
			buildConfigurationList = CFBAA40B2BADF2090049EB87 /* Build configuration list for PBXNativeTarget "mquizTests" */;
			buildPhases = (
				CFBAA3F02BADF2090049EB87 /* Sources */,
				CFBAA3F12BADF2090049EB87 /* Frameworks */,
				CFBAA3F22BADF2090049EB87 /* Resources */,
			);
			buildRules = (
			);
			dependencies = (
				CFBAA3F62BADF2090049EB87 /* PBXTargetDependency */,
			);
			name = mquizTests;
			productName = mquizTests;
			productReference = CFBAA3F42BADF2090049EB87 /* mquizTests.xctest */;
			productType = "com.apple.product-type.bundle.unit-test";
		};
		CFBAA3FD2BADF2090049EB87 /* mquizUITests */ = {
			isa = PBXNativeTarget;
			buildConfigurationList = CFBAA40E2BADF2090049EB87 /* Build configuration list for PBXNativeTarget "mquizUITests" */;
			buildPhases = (
				CFBAA3FA2BADF2090049EB87 /* Sources */,
				CFBAA3FB2BADF2090049EB87 /* Frameworks */,
				CFBAA3FC2BADF2090049EB87 /* Resources */,
			);
			buildRules = (
			);
			dependencies = (
				CFBAA4002BADF2090049EB87 /* PBXTargetDependency */,
			);
			name = mquizUITests;
			productName = mquizUITests;
			productReference = CFBAA3FE2BADF2090049EB87 /* mquizUITests.xctest */;
			productType = "com.apple.product-type.bundle.ui-testing";
		};
/* End PBXNativeTarget section */

/* Begin PBXProject section */
		CFBAA3DC2BADF2070049EB87 /* Project object */ = {
			isa = PBXProject;
			attributes = {
				BuildIndependentTargetsInParallel = 1;
				LastSwiftUpdateCheck = 1530;
				LastUpgradeCheck = 1530;
				TargetAttributes = {
					CFBAA3E32BADF2070049EB87 = {
						CreatedOnToolsVersion = 15.3;
					};
					CFBAA3F32BADF2090049EB87 = {
						CreatedOnToolsVersion = 15.3;
						TestTargetID = CFBAA3E32BADF2070049EB87;
					};
					CFBAA3FD2BADF2090049EB87 = {
						CreatedOnToolsVersion = 15.3;
						TestTargetID = CFBAA3E32BADF2070049EB87;
					};
				};
			};
			buildConfigurationList = CFBAA3DF2BADF2070049EB87 /* Build configuration list for PBXProject "mquiz" */;
			compatibilityVersion = "Xcode 14.0";
			developmentRegion = en;
			hasScannedForEncodings = 0;
			knownRegions = (
				en,
				Base,
			);
			mainGroup = CFBAA3DB2BADF2070049EB87;
			packageReferences = (
				CF8356B22BB6B9A600D76FB8 /* XCRemoteSwiftPackageReference "supabase-swift" */,
			);
			productRefGroup = CFBAA3E52BADF2070049EB87 /* Products */;
			projectDirPath = "";
			projectRoot = "";
			targets = (
				CFBAA3E32BADF2070049EB87 /* mquiz */,
				CFBAA3F32BADF2090049EB87 /* mquizTests */,
				CFBAA3FD2BADF2090049EB87 /* mquizUITests */,
			);
		};
/* End PBXProject section */

/* Begin PBXResourcesBuildPhase section */
		CFBAA3E22BADF2070049EB87 /* Resources */ = {
			isa = PBXResourcesBuildPhase;
			buildActionMask = 2147483647;
			files = (
				CFBAA3EF2BADF2090049EB87 /* Preview Assets.xcassets in Resources */,
				CFBAA3EC2BADF2090049EB87 /* Assets.xcassets in Resources */,
			);
			runOnlyForDeploymentPostprocessing = 0;
		};
		CFBAA3F22BADF2090049EB87 /* Resources */ = {
			isa = PBXResourcesBuildPhase;
			buildActionMask = 2147483647;
			files = (
			);
			runOnlyForDeploymentPostprocessing = 0;
		};
		CFBAA3FC2BADF2090049EB87 /* Resources */ = {
			isa = PBXResourcesBuildPhase;
			buildActionMask = 2147483647;
			files = (
			);
			runOnlyForDeploymentPostprocessing = 0;
		};
/* End PBXResourcesBuildPhase section */

/* Begin PBXSourcesBuildPhase section */
		CFBAA3E02BADF2070049EB87 /* Sources */ = {
			isa = PBXSourcesBuildPhase;
			buildActionMask = 2147483647;
			files = (
				CF5405562BB60FCF004C49D3 /* QuizManager.swift in Sources */,
				CFBAA3EA2BADF2070049EB87 /* ContentView.swift in Sources */,
				CFBAA4122BADF2720049EB87 /* QuestionView.swift in Sources */,
				CF8549012BB6E30E00F2796F /* StartView.swift in Sources */,
				CF8548FF2BB6E2EF00F2796F /* ResultsView.swift in Sources */,
				CFBAA3E82BADF2070049EB87 /* mquizApp.swift in Sources */,
			);
			runOnlyForDeploymentPostprocessing = 0;
		};
		CFBAA3F02BADF2090049EB87 /* Sources */ = {
			isa = PBXSourcesBuildPhase;
			buildActionMask = 2147483647;
			files = (
				CFBAA3F92BADF2090049EB87 /* mquizTests.swift in Sources */,
			);
			runOnlyForDeploymentPostprocessing = 0;
		};
		CFBAA3FA2BADF2090049EB87 /* Sources */ = {
			isa = PBXSourcesBuildPhase;
			buildActionMask = 2147483647;
			files = (
				CFBAA4032BADF2090049EB87 /* mquizUITests.swift in Sources */,
				CFBAA4052BADF2090049EB87 /* mquizUITestsLaunchTests.swift in Sources */,
			);
			runOnlyForDeploymentPostprocessing = 0;
		};
/* End PBXSourcesBuildPhase section */

/* Begin PBXTargetDependency section */
		CFBAA3F62BADF2090049EB87 /* PBXTargetDependency */ = {
			isa = PBXTargetDependency;
			target = CFBAA3E32BADF2070049EB87 /* mquiz */;
			targetProxy = CFBAA3F52BADF2090049EB87 /* PBXContainerItemProxy */;
		};
		CFBAA4002BADF2090049EB87 /* PBXTargetDependency */ = {
			isa = PBXTargetDependency;
			target = CFBAA3E32BADF2070049EB87 /* mquiz */;
			targetProxy = CFBAA3FF2BADF2090049EB87 /* PBXContainerItemProxy */;
		};
/* End PBXTargetDependency section */

/* Begin XCBuildConfiguration section */
		CFBAA4062BADF2090049EB87 /* Debug */ = {
			isa = XCBuildConfiguration;
			buildSettings = {
				ALWAYS_SEARCH_USER_PATHS = NO;
				ASSETCATALOG_COMPILER_GENERATE_SWIFT_ASSET_SYMBOL_EXTENSIONS = YES;
				CLANG_ANALYZER_NONNULL = YES;
				CLANG_ANALYZER_NUMBER_OBJECT_CONVERSION = YES_AGGRESSIVE;
				CLANG_CXX_LANGUAGE_STANDARD = "gnu++20";
				CLANG_ENABLE_MODULES = YES;
				CLANG_ENABLE_OBJC_ARC = YES;
				CLANG_ENABLE_OBJC_WEAK = YES;
				CLANG_WARN_BLOCK_CAPTURE_AUTORELEASING = YES;
				CLANG_WARN_BOOL_CONVERSION = YES;
				CLANG_WARN_COMMA = YES;
				CLANG_WARN_CONSTANT_CONVERSION = YES;
				CLANG_WARN_DEPRECATED_OBJC_IMPLEMENTATIONS = YES;
				CLANG_WARN_DIRECT_OBJC_ISA_USAGE = YES_ERROR;
				CLANG_WARN_DOCUMENTATION_COMMENTS = YES;
				CLANG_WARN_EMPTY_BODY = YES;
				CLANG_WARN_ENUM_CONVERSION = YES;
				CLANG_WARN_INFINITE_RECURSION = YES;
				CLANG_WARN_INT_CONVERSION = YES;
				CLANG_WARN_NON_LITERAL_NULL_CONVERSION = YES;
				CLANG_WARN_OBJC_IMPLICIT_RETAIN_SELF = YES;
				CLANG_WARN_OBJC_LITERAL_CONVERSION = YES;
				CLANG_WARN_OBJC_ROOT_CLASS = YES_ERROR;
				CLANG_WARN_QUOTED_INCLUDE_IN_FRAMEWORK_HEADER = YES;
				CLANG_WARN_RANGE_LOOP_ANALYSIS = YES;
				CLANG_WARN_STRICT_PROTOTYPES = YES;
				CLANG_WARN_SUSPICIOUS_MOVE = YES;
				CLANG_WARN_UNGUARDED_AVAILABILITY = YES_AGGRESSIVE;
				CLANG_WARN_UNREACHABLE_CODE = YES;
				CLANG_WARN__DUPLICATE_METHOD_MATCH = YES;
				COPY_PHASE_STRIP = NO;
				DEBUG_INFORMATION_FORMAT = dwarf;
				ENABLE_STRICT_OBJC_MSGSEND = YES;
				ENABLE_TESTABILITY = YES;
				ENABLE_USER_SCRIPT_SANDBOXING = YES;
				GCC_C_LANGUAGE_STANDARD = gnu17;
				GCC_DYNAMIC_NO_PIC = NO;
				GCC_NO_COMMON_BLOCKS = YES;
				GCC_OPTIMIZATION_LEVEL = 0;
				GCC_PREPROCESSOR_DEFINITIONS = (
					"DEBUG=1",
					"$(inherited)",
				);
				GCC_WARN_64_TO_32_BIT_CONVERSION = YES;
				GCC_WARN_ABOUT_RETURN_TYPE = YES_ERROR;
				GCC_WARN_UNDECLARED_SELECTOR = YES;
				GCC_WARN_UNINITIALIZED_AUTOS = YES_AGGRESSIVE;
				GCC_WARN_UNUSED_FUNCTION = YES;
				GCC_WARN_UNUSED_VARIABLE = YES;
				IPHONEOS_DEPLOYMENT_TARGET = 17.4;
				LOCALIZATION_PREFERS_STRING_CATALOGS = YES;
				MTL_ENABLE_DEBUG_INFO = INCLUDE_SOURCE;
				MTL_FAST_MATH = YES;
				ONLY_ACTIVE_ARCH = YES;
				SDKROOT = iphoneos;
				SWIFT_ACTIVE_COMPILATION_CONDITIONS = "DEBUG $(inherited)";
				SWIFT_OPTIMIZATION_LEVEL = "-Onone";
			};
			name = Debug;
		};
		CFBAA4072BADF2090049EB87 /* Release */ = {
			isa = XCBuildConfiguration;
			buildSettings = {
				ALWAYS_SEARCH_USER_PATHS = NO;
				ASSETCATALOG_COMPILER_GENERATE_SWIFT_ASSET_SYMBOL_EXTENSIONS = YES;
				CLANG_ANALYZER_NONNULL = YES;
				CLANG_ANALYZER_NUMBER_OBJECT_CONVERSION = YES_AGGRESSIVE;
				CLANG_CXX_LANGUAGE_STANDARD = "gnu++20";
				CLANG_ENABLE_MODULES = YES;
				CLANG_ENABLE_OBJC_ARC = YES;
				CLANG_ENABLE_OBJC_WEAK = YES;
				CLANG_WARN_BLOCK_CAPTURE_AUTORELEASING = YES;
				CLANG_WARN_BOOL_CONVERSION = YES;
				CLANG_WARN_COMMA = YES;
				CLANG_WARN_CONSTANT_CONVERSION = YES;
				CLANG_WARN_DEPRECATED_OBJC_IMPLEMENTATIONS = YES;
				CLANG_WARN_DIRECT_OBJC_ISA_USAGE = YES_ERROR;
				CLANG_WARN_DOCUMENTATION_COMMENTS = YES;
				CLANG_WARN_EMPTY_BODY = YES;
				CLANG_WARN_ENUM_CONVERSION = YES;
				CLANG_WARN_INFINITE_RECURSION = YES;
				CLANG_WARN_INT_CONVERSION = YES;
				CLANG_WARN_NON_LITERAL_NULL_CONVERSION = YES;
				CLANG_WARN_OBJC_IMPLICIT_RETAIN_SELF = YES;
				CLANG_WARN_OBJC_LITERAL_CONVERSION = YES;
				CLANG_WARN_OBJC_ROOT_CLASS = YES_ERROR;
				CLANG_WARN_QUOTED_INCLUDE_IN_FRAMEWORK_HEADER = YES;
				CLANG_WARN_RANGE_LOOP_ANALYSIS = YES;
				CLANG_WARN_STRICT_PROTOTYPES = YES;
				CLANG_WARN_SUSPICIOUS_MOVE = YES;
				CLANG_WARN_UNGUARDED_AVAILABILITY = YES_AGGRESSIVE;
				CLANG_WARN_UNREACHABLE_CODE = YES;
				CLANG_WARN__DUPLICATE_METHOD_MATCH = YES;
				COPY_PHASE_STRIP = NO;
				DEBUG_INFORMATION_FORMAT = "dwarf-with-dsym";
				ENABLE_NS_ASSERTIONS = NO;
				ENABLE_STRICT_OBJC_MSGSEND = YES;
				ENABLE_USER_SCRIPT_SANDBOXING = YES;
				GCC_C_LANGUAGE_STANDARD = gnu17;
				GCC_NO_COMMON_BLOCKS = YES;
				GCC_WARN_64_TO_32_BIT_CONVERSION = YES;
				GCC_WARN_ABOUT_RETURN_TYPE = YES_ERROR;
				GCC_WARN_UNDECLARED_SELECTOR = YES;
				GCC_WARN_UNINITIALIZED_AUTOS = YES_AGGRESSIVE;
				GCC_WARN_UNUSED_FUNCTION = YES;
				GCC_WARN_UNUSED_VARIABLE = YES;
				IPHONEOS_DEPLOYMENT_TARGET = 17.4;
				LOCALIZATION_PREFERS_STRING_CATALOGS = YES;
				MTL_ENABLE_DEBUG_INFO = NO;
				MTL_FAST_MATH = YES;
				SDKROOT = iphoneos;
				SWIFT_COMPILATION_MODE = wholemodule;
				VALIDATE_PRODUCT = YES;
			};
			name = Release;
		};
		CFBAA4092BADF2090049EB87 /* Debug */ = {
			isa = XCBuildConfiguration;
			buildSettings = {
				ASSETCATALOG_COMPILER_APPICON_NAME = AppIcon;
				ASSETCATALOG_COMPILER_GLOBAL_ACCENT_COLOR_NAME = AccentColor;
				CODE_SIGN_STYLE = Automatic;
				CURRENT_PROJECT_VERSION = 1;
				DEVELOPMENT_ASSET_PATHS = "\"mquiz/Preview Content\"";
				DEVELOPMENT_TEAM = 43K477RYXW;
				ENABLE_PREVIEWS = YES;
				GENERATE_INFOPLIST_FILE = YES;
				INFOPLIST_FILE = mquiz/Info.plist;
				INFOPLIST_KEY_UIApplicationSceneManifest_Generation = YES;
				INFOPLIST_KEY_UIApplicationSupportsIndirectInputEvents = YES;
				INFOPLIST_KEY_UILaunchScreen_Generation = YES;
				INFOPLIST_KEY_UISupportedInterfaceOrientations_iPad = "UIInterfaceOrientationPortrait UIInterfaceOrientationPortraitUpsideDown UIInterfaceOrientationLandscapeLeft UIInterfaceOrientationLandscapeRight";
				INFOPLIST_KEY_UISupportedInterfaceOrientations_iPhone = "UIInterfaceOrientationPortrait UIInterfaceOrientationLandscapeLeft UIInterfaceOrientationLandscapeRight";
				LD_RUNPATH_SEARCH_PATHS = (
					"$(inherited)",
					"@executable_path/Frameworks",
				);
				MARKETING_VERSION = 1.0;
				PRODUCT_BUNDLE_IDENTIFIER = io.scoresby.mquiz;
				PRODUCT_NAME = "$(TARGET_NAME)";
				SWIFT_EMIT_LOC_STRINGS = YES;
				SWIFT_VERSION = 5.0;
				TARGETED_DEVICE_FAMILY = "1,2";
			};
			name = Debug;
		};
		CFBAA40A2BADF2090049EB87 /* Release */ = {
			isa = XCBuildConfiguration;
			buildSettings = {
				ASSETCATALOG_COMPILER_APPICON_NAME = AppIcon;
				ASSETCATALOG_COMPILER_GLOBAL_ACCENT_COLOR_NAME = AccentColor;
				CODE_SIGN_STYLE = Automatic;
				CURRENT_PROJECT_VERSION = 1;
				DEVELOPMENT_ASSET_PATHS = "\"mquiz/Preview Content\"";
				DEVELOPMENT_TEAM = 43K477RYXW;
				ENABLE_PREVIEWS = YES;
				GENERATE_INFOPLIST_FILE = YES;
				INFOPLIST_FILE = mquiz/Info.plist;
				INFOPLIST_KEY_UIApplicationSceneManifest_Generation = YES;
				INFOPLIST_KEY_UIApplicationSupportsIndirectInputEvents = YES;
				INFOPLIST_KEY_UILaunchScreen_Generation = YES;
				INFOPLIST_KEY_UISupportedInterfaceOrientations_iPad = "UIInterfaceOrientationPortrait UIInterfaceOrientationPortraitUpsideDown UIInterfaceOrientationLandscapeLeft UIInterfaceOrientationLandscapeRight";
				INFOPLIST_KEY_UISupportedInterfaceOrientations_iPhone = "UIInterfaceOrientationPortrait UIInterfaceOrientationLandscapeLeft UIInterfaceOrientationLandscapeRight";
				LD_RUNPATH_SEARCH_PATHS = (
					"$(inherited)",
					"@executable_path/Frameworks",
				);
				MARKETING_VERSION = 1.0;
				PRODUCT_BUNDLE_IDENTIFIER = io.scoresby.mquiz;
				PRODUCT_NAME = "$(TARGET_NAME)";
				SWIFT_EMIT_LOC_STRINGS = YES;
				SWIFT_VERSION = 5.0;
				TARGETED_DEVICE_FAMILY = "1,2";
			};
			name = Release;
		};
		CFBAA40C2BADF2090049EB87 /* Debug */ = {
			isa = XCBuildConfiguration;
			buildSettings = {
				ALWAYS_EMBED_SWIFT_STANDARD_LIBRARIES = YES;
				BUNDLE_LOADER = "$(TEST_HOST)";
				CODE_SIGN_STYLE = Automatic;
				CURRENT_PROJECT_VERSION = 1;
				DEVELOPMENT_TEAM = 43K477RYXW;
				GENERATE_INFOPLIST_FILE = YES;
				IPHONEOS_DEPLOYMENT_TARGET = 17.4;
				MARKETING_VERSION = 1.0;
				PRODUCT_BUNDLE_IDENTIFIER = io.scoresby.mquizTests;
				PRODUCT_NAME = "$(TARGET_NAME)";
				SWIFT_EMIT_LOC_STRINGS = NO;
				SWIFT_VERSION = 5.0;
				TARGETED_DEVICE_FAMILY = "1,2";
				TEST_HOST = "$(BUILT_PRODUCTS_DIR)/mquiz.app/$(BUNDLE_EXECUTABLE_FOLDER_PATH)/mquiz";
			};
			name = Debug;
		};
		CFBAA40D2BADF2090049EB87 /* Release */ = {
			isa = XCBuildConfiguration;
			buildSettings = {
				ALWAYS_EMBED_SWIFT_STANDARD_LIBRARIES = YES;
				BUNDLE_LOADER = "$(TEST_HOST)";
				CODE_SIGN_STYLE = Automatic;
				CURRENT_PROJECT_VERSION = 1;
				DEVELOPMENT_TEAM = 43K477RYXW;
				GENERATE_INFOPLIST_FILE = YES;
				IPHONEOS_DEPLOYMENT_TARGET = 17.4;
				MARKETING_VERSION = 1.0;
				PRODUCT_BUNDLE_IDENTIFIER = io.scoresby.mquizTests;
				PRODUCT_NAME = "$(TARGET_NAME)";
				SWIFT_EMIT_LOC_STRINGS = NO;
				SWIFT_VERSION = 5.0;
				TARGETED_DEVICE_FAMILY = "1,2";
				TEST_HOST = "$(BUILT_PRODUCTS_DIR)/mquiz.app/$(BUNDLE_EXECUTABLE_FOLDER_PATH)/mquiz";
			};
			name = Release;
		};
		CFBAA40F2BADF2090049EB87 /* Debug */ = {
			isa = XCBuildConfiguration;
			buildSettings = {
				ALWAYS_EMBED_SWIFT_STANDARD_LIBRARIES = YES;
				CODE_SIGN_STYLE = Automatic;
				CURRENT_PROJECT_VERSION = 1;
				DEVELOPMENT_TEAM = 43K477RYXW;
				GENERATE_INFOPLIST_FILE = YES;
				MARKETING_VERSION = 1.0;
				PRODUCT_BUNDLE_IDENTIFIER = io.scoresby.mquizUITests;
				PRODUCT_NAME = "$(TARGET_NAME)";
				SWIFT_EMIT_LOC_STRINGS = NO;
				SWIFT_VERSION = 5.0;
				TARGETED_DEVICE_FAMILY = "1,2";
				TEST_TARGET_NAME = mquiz;
			};
			name = Debug;
		};
		CFBAA4102BADF2090049EB87 /* Release */ = {
			isa = XCBuildConfiguration;
			buildSettings = {
				ALWAYS_EMBED_SWIFT_STANDARD_LIBRARIES = YES;
				CODE_SIGN_STYLE = Automatic;
				CURRENT_PROJECT_VERSION = 1;
				DEVELOPMENT_TEAM = 43K477RYXW;
				GENERATE_INFOPLIST_FILE = YES;
				MARKETING_VERSION = 1.0;
				PRODUCT_BUNDLE_IDENTIFIER = io.scoresby.mquizUITests;
				PRODUCT_NAME = "$(TARGET_NAME)";
				SWIFT_EMIT_LOC_STRINGS = NO;
				SWIFT_VERSION = 5.0;
				TARGETED_DEVICE_FAMILY = "1,2";
				TEST_TARGET_NAME = mquiz;
			};
			name = Release;
		};
/* End XCBuildConfiguration section */

/* Begin XCConfigurationList section */
		CFBAA3DF2BADF2070049EB87 /* Build configuration list for PBXProject "mquiz" */ = {
			isa = XCConfigurationList;
			buildConfigurations = (
				CFBAA4062BADF2090049EB87 /* Debug */,
				CFBAA4072BADF2090049EB87 /* Release */,
			);
			defaultConfigurationIsVisible = 0;
			defaultConfigurationName = Release;
		};
		CFBAA4082BADF2090049EB87 /* Build configuration list for PBXNativeTarget "mquiz" */ = {
			isa = XCConfigurationList;
			buildConfigurations = (
				CFBAA4092BADF2090049EB87 /* Debug */,
				CFBAA40A2BADF2090049EB87 /* Release */,
			);
			defaultConfigurationIsVisible = 0;
			defaultConfigurationName = Release;
		};
		CFBAA40B2BADF2090049EB87 /* Build configuration list for PBXNativeTarget "mquizTests" */ = {
			isa = XCConfigurationList;
			buildConfigurations = (
				CFBAA40C2BADF2090049EB87 /* Debug */,
				CFBAA40D2BADF2090049EB87 /* Release */,
			);
			defaultConfigurationIsVisible = 0;
			defaultConfigurationName = Release;
		};
		CFBAA40E2BADF2090049EB87 /* Build configuration list for PBXNativeTarget "mquizUITests" */ = {
			isa = XCConfigurationList;
			buildConfigurations = (
				CFBAA40F2BADF2090049EB87 /* Debug */,
				CFBAA4102BADF2090049EB87 /* Release */,
			);
			defaultConfigurationIsVisible = 0;
			defaultConfigurationName = Release;
		};
/* End XCConfigurationList section */

/* Begin XCRemoteSwiftPackageReference section */
		CF8356B22BB6B9A600D76FB8 /* XCRemoteSwiftPackageReference "supabase-swift" */ = {
			isa = XCRemoteSwiftPackageReference;
			repositoryURL = "https://github.com/supabase-community/supabase-swift.git";
			requirement = {
				kind = upToNextMajorVersion;
				minimumVersion = 2.5.0;
			};
		};
/* End XCRemoteSwiftPackageReference section */

/* Begin XCSwiftPackageProductDependency section */
		CF8356B32BB6B9A600D76FB8 /* Supabase */ = {
			isa = XCSwiftPackageProductDependency;
			package = CF8356B22BB6B9A600D76FB8 /* XCRemoteSwiftPackageReference "supabase-swift" */;
			productName = Supabase;
		};
/* End XCSwiftPackageProductDependency section */
	};
	rootObject = CFBAA3DC2BADF2070049EB87 /* Project object */;
}
